Microsoft Visual Studio Solution File, Format Version 11.00
# Visual Studio 2008

Project("{6DA75494-CEDB-16D2-4EEC-AD4266C77FCE}") = "TimeLeak", "Assembly-CSharp-firstpass.csproj", "{8D1FDC1D-9AD3-B507-8C09-BD3EBC74DADC}"
EndProject
Project("{6DA75494-CEDB-16D2-4EEC-AD4266C77FCE}") = "TimeLeak", "Assembly-CSharp.csproj", "{D48025BA-7C8E-031A-5278-9E0F7CF8AA17}"
EndProject
Project("{6DA75494-CEDB-16D2-4EEC-AD4266C77FCE}") = "TimeLeak", "Assembly-CSharp-Editor-firstpass.csproj", "{5721EE71-C39D-50E7-DEC4-698759E4004B}"
EndProject
Project("{6DA75494-CEDB-16D2-4EEC-AD4266C77FCE}") = "TimeLeak", "Assembly-CSharp-Editor.csproj", "{CE35F2D4-4A5D-5EE8-6507-F278692C120B}"
EndProject
Project("{6DA75494-CEDB-16D2-4EEC-AD4266C77FCE}") = "TimeLeak", "Assembly-UnityScript-firstpass.unityproj", "{2BD0F2A5-CD51-D60E-A41D-0A01BE6D36C6}"
EndProject
Project("{6DA75494-CEDB-16D2-4EEC-AD4266C77FCE}") = "TimeLeak", "Assembly-UnityScript.unityproj", "{2E58ADCA-F54F-5E16-7DE5-42051F1FE5CD}"
EndProject
Global
	GlobalSection(SolutionConfigurationPlatforms) = preSolution
		Debug|Any CPU = Debug|Any CPU
		Release|Any CPU = Release|Any CPU
	EndGlobalSection
	GlobalSection(ProjectConfigurationPlatforms) = postSolution
		{8D1FDC1D-9AD3-B507-8C09-BD3EBC74DADC}.Debug|Any CPU.ActiveCfg = Debug|Any CPU
		{8D1FDC1D-9AD3-B507-8C09-BD3EBC74DADC}.Debug|Any CPU.Build.0 = Debug|Any CPU
		{8D1FDC1D-9AD3-B507-8C09-BD3EBC74DADC}.Release|Any CPU.ActiveCfg = Release|Any CPU
		{8D1FDC1D-9AD3-B507-8C09-BD3EBC74DADC}.Release|Any CPU.Build.0 = Release|Any CPU
		{D48025BA-7C8E-031A-5278-9E0F7CF8AA17}.Debug|Any CPU.ActiveCfg = Debug|Any CPU
		{D48025BA-7C8E-031A-5278-9E0F7CF8AA17}.Debug|Any CPU.Build.0 = Debug|Any CPU
		{D48025BA-7C8E-031A-5278-9E0F7CF8AA17}.Release|Any CPU.ActiveCfg = Release|Any CPU
		{D48025BA-7C8E-031A-5278-9E0F7CF8AA17}.Release|Any CPU.Build.0 = Release|Any CPU
		{5721EE71-C39D-50E7-DEC4-698759E4004B}.Debug|Any CPU.ActiveCfg = Debug|Any CPU
		{5721EE71-C39D-50E7-DEC4-698759E4004B}.Debug|Any CPU.Build.0 = Debug|Any CPU
		{5721EE71-C39D-50E7-DEC4-698759E4004B}.Release|Any CPU.ActiveCfg = Release|Any CPU
		{5721EE71-C39D-50E7-DEC4-698759E4004B}.Release|Any CPU.Build.0 = Release|Any CPU
		{CE35F2D4-4A5D-5EE8-6507-F278692C120B}.Debug|Any CPU.ActiveCfg = Debug|Any CPU
		{CE35F2D4-4A5D-5EE8-6507-F278692C120B}.Debug|Any CPU.Build.0 = Debug|Any CPU
		{CE35F2D4-4A5D-5EE8-6507-F278692C120B}.Release|Any CPU.ActiveCfg = Release|Any CPU
		{CE35F2D4-4A5D-5EE8-6507-F278692C120B}.Release|Any CPU.Build.0 = Release|Any CPU
		{2BD0F2A5-CD51-D60E-A41D-0A01BE6D36C6}.Debug|Any CPU.ActiveCfg = Debug|Any CPU
		{2BD0F2A5-CD51-D60E-A41D-0A01BE6D36C6}.Debug|Any CPU.Build.0 = Debug|Any CPU
		{2BD0F2A5-CD51-D60E-A41D-0A01BE6D36C6}.Release|Any CPU.ActiveCfg = Release|Any CPU
		{2BD0F2A5-CD51-D60E-A41D-0A01BE6D36C6}.Release|Any CPU.Build.0 = Release|Any CPU
		{2E58ADCA-F54F-5E16-7DE5-42051F1FE5CD}.Debug|Any CPU.ActiveCfg = Debug|Any CPU
		{2E58ADCA-F54F-5E16-7DE5-42051F1FE5CD}.Debug|Any CPU.Build.0 = Debug|Any CPU
		{2E58ADCA-F54F-5E16-7DE5-42051F1FE5CD}.Release|Any CPU.ActiveCfg = Release|Any CPU
		{2E58ADCA-F54F-5E16-7DE5-42051F1FE5CD}.Release|Any CPU.Build.0 = Release|Any CPU
	EndGlobalSection
	GlobalSection(SolutionProperties) = preSolution
		HideSolutionNode = FALSE
	EndGlobalSection
	GlobalSection(MonoDevelopProperties) = preSolution
		StartupItem = Assembly-CSharp.csproj
	EndGlobalSection
EndGlobal
